
Microsoft Visual Studio Solution File, Format Version 12.00
# Visual Studio 14
VisualStudioVersion = 14.0.25123.0
MinimumVisualStudioVersion = 10.0.40219.1
Project("{FAE04EC0-301F-11D3-BF4B-00C04F79EFBC}") = "VK API Tutorial", "VK API Tutorial.csproj", "{61116CE6-0FBC-46BC-A3D2-F8AB2F6B133D}"
EndProject
Global
	GlobalSection(SolutionConfigurationPlatforms) = preSolution
		Debug|Any CPU = Debug|Any CPU
		Release|Any CPU = Release|Any CPU
	EndGlobalSection
	GlobalSection(ProjectConfigurationPlatforms) = postSolution
		{61116CE6-0FBC-46BC-A3D2-F8AB2F6B133D}.Debug|Any CPU.ActiveCfg = Debug|Any CPU
		{61116CE6-0FBC-46BC-A3D2-F8AB2F6B133D}.Debug|Any CPU.Build.0 = Debug|Any CPU
		{61116CE6-0FBC-46BC-A3D2-F8AB2F6B133D}.Release|Any CPU.ActiveCfg = Release|Any CPU
		{61116CE6-0FBC-46BC-A3D2-F8AB2F6B133D}.Release|Any CPU.Build.0 = Release|Any CPU
	EndGlobalSection
	GlobalSection(SolutionProperties) = preSolution
		HideSolutionNode = FALSE
	EndGlobalSection
EndGlobal
